
Microsoft Visual Studio Solution File, Format Version 12.00
# Visual Studio Version 17
VisualStudioVersion = 17.0.31903.59
MinimumVisualStudioVersion = 10.0.40219.1
Project("{2150E333-8FDC-42A3-9474-1A3956D46DE8}") = "src", "src", "{827E0CD3-B72D-47B6-A68D-7590B98EB39B}"
EndProject
Project("{FAE04EC0-301F-11D3-BF4B-00C04F79EFBC}") = "Sacco.Shared", "src\Sacco.Shared\Sacco.Shared.csproj", "{EA7FD39C-2F50-4EA2-B3C0-71E533FAF6CB}"
EndProject
Project("{FAE04EC0-301F-11D3-BF4B-00C04F79EFBC}") = "Sacco.Modules.Platform", "src\Sacco.Modules.Platform\Sacco.Modules.Platform.csproj", "{71A7C023-A015-49DE-9E19-5E573CED8F2F}"
EndProject
Project("{FAE04EC0-301F-11D3-BF4B-00C04F79EFBC}") = "Sacco.Modules.Ledger", "src\Sacco.Modules.Ledger\Sacco.Modules.Ledger.csproj", "{2B2BEF0C-467B-4E3E-8F63-1C1C776E658A}"
EndProject
Project("{FAE04EC0-301F-11D3-BF4B-00C04F79EFBC}") = "Sacco.Migrations", "src\Sacco.Migrations\Sacco.Migrations.csproj", "{4F0F02BD-FF60-424C-8F73-0A6DA0FC1290}"
EndProject
Project("{FAE04EC0-301F-11D3-BF4B-00C04F79EFBC}") = "Sacco.Api", "src\Sacco.Api\Sacco.Api.csproj", "{D6DBC9FE-70AD-41B0-A14B-065B1E8A1628}"
EndProject
Project("{2150E333-8FDC-42A3-9474-1A3956D46DE8}") = "seed", "seed", "{99E7ACF5-56DB-D347-D2E6-0B9F0EC89365}"
EndProject
Project("{FAE04EC0-301F-11D3-BF4B-00C04F79EFBC}") = "Sacco.Seed", "seed\Sacco.Seed\Sacco.Seed.csproj", "{E04DED14-8350-4DB9-B22B-41B5DAC5ED20}"
EndProject
Project("{2150E333-8FDC-42A3-9474-1A3956D46DE8}") = "tests", "tests", "{0AB3BF05-4346-4AA6-1389-037BE0695223}"
EndProject
Project("{FAE04EC0-301F-11D3-BF4B-00C04F79EFBC}") = "Sacco.UnitTests", "tests\Sacco.UnitTests\Sacco.UnitTests.csproj", "{D4E4E43B-3B0D-45EE-989C-BF323D2D7EE7}"
EndProject
Project("{FAE04EC0-301F-11D3-BF4B-00C04F79EFBC}") = "Sacco.IntegrationTests", "tests\Sacco.IntegrationTests\Sacco.IntegrationTests.csproj", "{A6297E39-1355-4092-991F-C34F69F078CB}"
EndProject
Project("{FAE04EC0-301F-11D3-BF4B-00C04F79EFBC}") = "Sacco.Modules.Identity", "src\Sacco.Modules.Identity\Sacco.Modules.Identity.csproj", "{FB9F6A34-ED3E-4911-83CF-DB895D45B121}"
EndProject
Project("{FAE04EC0-301F-11D3-BF4B-00C04F79EFBC}") = "Sacco.Modules.Members", "src\Sacco.Modules.Members\Sacco.Modules.Members.csproj", "{0912C35B-121D-4BE6-981D-2BBF60CE0C3D}"
EndProject
Project("{FAE04EC0-301F-11D3-BF4B-00C04F79EFBC}") = "Sacco.Modules.Savings", "src\Sacco.Modules.Savings\Sacco.Modules.Savings.csproj", "{CAB7BC98-9150-465B-8237-5EA672F0C4D9}"
EndProject
Project("{FAE04EC0-301F-11D3-BF4B-00C04F79EFBC}") = "Sacco.Modules.Lending", "src\Sacco.Modules.Lending\Sacco.Modules.Lending.csproj", "{4793076C-C174-4402-98AC-AD196A0B29D5}"
EndProject
Project("{FAE04EC0-301F-11D3-BF4B-00C04F79EFBC}") = "Sacco.Modules.Payments", "src\Sacco.Modules.Payments\Sacco.Modules.Payments.csproj", "{3CC5D8C0-BC1C-4556-9E4E-D23B2B86AD66}"
EndProject
Project("{FAE04EC0-301F-11D3-BF4B-00C04F79EFBC}") = "Sacco.Modules.Reporting", "src\Sacco.Modules.Reporting\Sacco.Modules.Reporting.csproj", "{CB7EE9D5-5A09-48E9-B1C6-BC94D95BE1BF}"
EndProject
Global
	GlobalSection(SolutionConfigurationPlatforms) = preSolution
		Debug|Any CPU = Debug|Any CPU
		Debug|x64 = Debug|x64
		Debug|x86 = Debug|x86
		Release|Any CPU = Release|Any CPU
		Release|x64 = Release|x64
		Release|x86 = Release|x86
	EndGlobalSection
	GlobalSection(ProjectConfigurationPlatforms) = postSolution
		{EA7FD39C-2F50-4EA2-B3C0-71E533FAF6CB}.Debug|Any CPU.ActiveCfg = Debug|Any CPU
		{EA7FD39C-2F50-4EA2-B3C0-71E533FAF6CB}.Debug|Any CPU.Build.0 = Debug|Any CPU
		{EA7FD39C-2F50-4EA2-B3C0-71E533FAF6CB}.Debug|x64.ActiveCfg = Debug|Any CPU
		{EA7FD39C-2F50-4EA2-B3C0-71E533FAF6CB}.Debug|x64.Build.0 = Debug|Any CPU
		{EA7FD39C-2F50-4EA2-B3C0-71E533FAF6CB}.Debug|x86.ActiveCfg = Debug|Any CPU
		{EA7FD39C-2F50-4EA2-B3C0-71E533FAF6CB}.Debug|x86.Build.0 = Debug|Any CPU
		{EA7FD39C-2F50-4EA2-B3C0-71E533FAF6CB}.Release|Any CPU.ActiveCfg = Release|Any CPU
		{EA7FD39C-2F50-4EA2-B3C0-71E533FAF6CB}.Release|Any CPU.Build.0 = Release|Any CPU
		{EA7FD39C-2F50-4EA2-B3C0-71E533FAF6CB}.Release|x64.ActiveCfg = Release|Any CPU
		{EA7FD39C-2F50-4EA2-B3C0-71E533FAF6CB}.Release|x64.Build.0 = Release|Any CPU
		{EA7FD39C-2F50-4EA2-B3C0-71E533FAF6CB}.Release|x86.ActiveCfg = Release|Any CPU
		{EA7FD39C-2F50-4EA2-B3C0-71E533FAF6CB}.Release|x86.Build.0 = Release|Any CPU
		{71A7C023-A015-49DE-9E19-5E573CED8F2F}.Debug|Any CPU.ActiveCfg = Debug|Any CPU
		{71A7C023-A015-49DE-9E19-5E573CED8F2F}.Debug|Any CPU.Build.0 = Debug|Any CPU
		{71A7C023-A015-49DE-9E19-5E573CED8F2F}.Debug|x64.ActiveCfg = Debug|Any CPU
		{71A7C023-A015-49DE-9E19-5E573CED8F2F}.Debug|x64.Build.0 = Debug|Any CPU
		{71A7C023-A015-49DE-9E19-5E573CED8F2F}.Debug|x86.ActiveCfg = Debug|Any CPU
		{71A7C023-A015-49DE-9E19-5E573CED8F2F}.Debug|x86.Build.0 = Debug|Any CPU
		{71A7C023-A015-49DE-9E19-5E573CED8F2F}.Release|Any CPU.ActiveCfg = Release|Any CPU
		{71A7C023-A015-49DE-9E19-5E573CED8F2F}.Release|Any CPU.Build.0 = Release|Any CPU
		{71A7C023-A015-49DE-9E19-5E573CED8F2F}.Release|x64.ActiveCfg = Release|Any CPU
		{71A7C023-A015-49DE-9E19-5E573CED8F2F}.Release|x64.Build.0 = Release|Any CPU
		{71A7C023-A015-49DE-9E19-5E573CED8F2F}.Release|x86.ActiveCfg = Release|Any CPU
		{71A7C023-A015-49DE-9E19-5E573CED8F2F}.Release|x86.Build.0 = Release|Any CPU
		{2B2BEF0C-467B-4E3E-8F63-1C1C776E658A}.Debug|Any CPU.ActiveCfg = Debug|Any CPU
		{2B2BEF0C-467B-4E3E-8F63-1C1C776E658A}.Debug|Any CPU.Build.0 = Debug|Any CPU
		{2B2BEF0C-467B-4E3E-8F63-1C1C776E658A}.Debug|x64.ActiveCfg = Debug|Any CPU
		{2B2BEF0C-467B-4E3E-8F63-1C1C776E658A}.Debug|x64.Build.0 = Debug|Any CPU
		{2B2BEF0C-467B-4E3E-8F63-1C1C776E658A}.Debug|x86.ActiveCfg = Debug|Any CPU
		{2B2BEF0C-467B-4E3E-8F63-1C1C776E658A}.Debug|x86.Build.0 = Debug|Any CPU
		{2B2BEF0C-467B-4E3E-8F63-1C1C776E658A}.Release|Any CPU.ActiveCfg = Release|Any CPU
		{2B2BEF0C-467B-4E3E-8F63-1C1C776E658A}.Release|Any CPU.Build.0 = Release|Any CPU
		{2B2BEF0C-467B-4E3E-8F63-1C1C776E658A}.Release|x64.ActiveCfg = Release|Any CPU
		{2B2BEF0C-467B-4E3E-8F63-1C1C776E658A}.Release|x64.Build.0 = Release|Any CPU
		{2B2BEF0C-467B-4E3E-8F63-1C1C776E658A}.Release|x86.ActiveCfg = Release|Any CPU
		{2B2BEF0C-467B-4E3E-8F63-1C1C776E658A}.Release|x86.Build.0 = Release|Any CPU
		{4F0F02BD-FF60-424C-8F73-0A6DA0FC1290}.Debug|Any CPU.ActiveCfg = Debug|Any CPU
		{4F0F02BD-FF60-424C-8F73-0A6DA0FC1290}.Debug|Any CPU.Build.0 = Debug|Any CPU
		{4F0F02BD-FF60-424C-8F73-0A6DA0FC1290}.Debug|x64.ActiveCfg = Debug|Any CPU
		{4F0F02BD-FF60-424C-8F73-0A6DA0FC1290}.Debug|x64.Build.0 = Debug|Any CPU
		{4F0F02BD-FF60-424C-8F73-0A6DA0FC1290}.Debug|x86.ActiveCfg = Debug|Any CPU
		{4F0F02BD-FF60-424C-8F73-0A6DA0FC1290}.Debug|x86.Build.0 = Debug|Any CPU
		{4F0F02BD-FF60-424C-8F73-0A6DA0FC1290}.Release|Any CPU.ActiveCfg = Release|Any CPU
		{4F0F02BD-FF60-424C-8F73-0A6DA0FC1290}.Release|Any CPU.Build.0 = Release|Any CPU
		{4F0F02BD-FF60-424C-8F73-0A6DA0FC1290}.Release|x64.ActiveCfg = Release|Any CPU
		{4F0F02BD-FF60-424C-8F73-0A6DA0FC1290}.Release|x64.Build.0 = Release|Any CPU
		{4F0F02BD-FF60-424C-8F73-0A6DA0FC1290}.Release|x86.ActiveCfg = Release|Any CPU
		{4F0F02BD-FF60-424C-8F73-0A6DA0FC1290}.Release|x86.Build.0 = Release|Any CPU
		{D6DBC9FE-70AD-41B0-A14B-065B1E8A1628}.Debug|Any CPU.ActiveCfg = Debug|Any CPU
		{D6DBC9FE-70AD-41B0-A14B-065B1E8A1628}.Debug|Any CPU.Build.0 = Debug|Any CPU
		{D6DBC9FE-70AD-41B0-A14B-065B1E8A1628}.Debug|x64.ActiveCfg = Debug|Any CPU
		{D6DBC9FE-70AD-41B0-A14B-065B1E8A1628}.Debug|x64.Build.0 = Debug|Any CPU
		{D6DBC9FE-70AD-41B0-A14B-065B1E8A1628}.Debug|x86.ActiveCfg = Debug|Any CPU
		{D6DBC9FE-70AD-41B0-A14B-065B1E8A1628}.Debug|x86.Build.0 = Debug|Any CPU
		{D6DBC9FE-70AD-41B0-A14B-065B1E8A1628}.Release|Any CPU.ActiveCfg = Release|Any CPU
		{D6DBC9FE-70AD-41B0-A14B-065B1E8A1628}.Release|Any CPU.Build.0 = Release|Any CPU
		{D6DBC9FE-70AD-41B0-A14B-065B1E8A1628}.Release|x64.ActiveCfg = Release|Any CPU
		{D6DBC9FE-70AD-41B0-A14B-065B1E8A1628}.Release|x64.Build.0 = Release|Any CPU
		{D6DBC9FE-70AD-41B0-A14B-065B1E8A1628}.Release|x86.ActiveCfg = Release|Any CPU
		{D6DBC9FE-70AD-41B0-A14B-065B1E8A1628}.Release|x86.Build.0 = Release|Any CPU
		{E04DED14-8350-4DB9-B22B-41B5DAC5ED20}.Debug|Any CPU.ActiveCfg = Debug|Any CPU
		{E04DED14-8350-4DB9-B22B-41B5DAC5ED20}.Debug|Any CPU.Build.0 = Debug|Any CPU
		{E04DED14-8350-4DB9-B22B-41B5DAC5ED20}.Debug|x64.ActiveCfg = Debug|Any CPU
		{E04DED14-8350-4DB9-B22B-41B5DAC5ED20}.Debug|x64.Build.0 = Debug|Any CPU
		{E04DED14-8350-4DB9-B22B-41B5DAC5ED20}.Debug|x86.ActiveCfg = Debug|Any CPU
		{E04DED14-8350-4DB9-B22B-41B5DAC5ED20}.Debug|x86.Build.0 = Debug|Any CPU
		{E04DED14-8350-4DB9-B22B-41B5DAC5ED20}.Release|Any CPU.ActiveCfg = Release|Any CPU
		{E04DED14-8350-4DB9-B22B-41B5DAC5ED20}.Release|Any CPU.Build.0 = Release|Any CPU
		{E04DED14-8350-4DB9-B22B-41B5DAC5ED20}.Release|x64.ActiveCfg = Release|Any CPU
		{E04DED14-8350-4DB9-B22B-41B5DAC5ED20}.Release|x64.Build.0 = Release|Any CPU
		{E04DED14-8350-4DB9-B22B-41B5DAC5ED20}.Release|x86.ActiveCfg = Release|Any CPU
		{E04DED14-8350-4DB9-B22B-41B5DAC5ED20}.Release|x86.Build.0 = Release|Any CPU
		{D4E4E43B-3B0D-45EE-989C-BF323D2D7EE7}.Debug|Any CPU.ActiveCfg = Debug|Any CPU
		{D4E4E43B-3B0D-45EE-989C-BF323D2D7EE7}.Debug|Any CPU.Build.0 = Debug|Any CPU
		{D4E4E43B-3B0D-45EE-989C-BF323D2D7EE7}.Debug|x64.ActiveCfg = Debug|Any CPU
		{D4E4E43B-3B0D-45EE-989C-BF323D2D7EE7}.Debug|x64.Build.0 = Debug|Any CPU
		{D4E4E43B-3B0D-45EE-989C-BF323D2D7EE7}.Debug|x86.ActiveCfg = Debug|Any CPU
		{D4E4E43B-3B0D-45EE-989C-BF323D2D7EE7}.Debug|x86.Build.0 = Debug|Any CPU
		{D4E4E43B-3B0D-45EE-989C-BF323D2D7EE7}.Release|Any CPU.ActiveCfg = Release|Any CPU
		{D4E4E43B-3B0D-45EE-989C-BF323D2D7EE7}.Release|Any CPU.Build.0 = Release|Any CPU
		{D4E4E43B-3B0D-45EE-989C-BF323D2D7EE7}.Release|x64.ActiveCfg = Release|Any CPU
		{D4E4E43B-3B0D-45EE-989C-BF323D2D7EE7}.Release|x64.Build.0 = Release|Any CPU
		{D4E4E43B-3B0D-45EE-989C-BF323D2D7EE7}.Release|x86.ActiveCfg = Release|Any CPU
		{D4E4E43B-3B0D-45EE-989C-BF323D2D7EE7}.Release|x86.Build.0 = Release|Any CPU
		{A6297E39-1355-4092-991F-C34F69F078CB}.Debug|Any CPU.ActiveCfg = Debug|Any CPU
		{A6297E39-1355-4092-991F-C34F69F078CB}.Debug|Any CPU.Build.0 = Debug|Any CPU
		{A6297E39-1355-4092-991F-C34F69F078CB}.Debug|x64.ActiveCfg = Debug|Any CPU
		{A6297E39-1355-4092-991F-C34F69F078CB}.Debug|x64.Build.0 = Debug|Any CPU
		{A6297E39-1355-4092-991F-C34F69F078CB}.Debug|x86.ActiveCfg = Debug|Any CPU
		{A6297E39-1355-4092-991F-C34F69F078CB}.Debug|x86.Build.0 = Debug|Any CPU
		{A6297E39-1355-4092-991F-C34F69F078CB}.Release|Any CPU.ActiveCfg = Release|Any CPU
		{A6297E39-1355-4092-991F-C34F69F078CB}.Release|Any CPU.Build.0 = Release|Any CPU
		{A6297E39-1355-4092-991F-C34F69F078CB}.Release|x64.ActiveCfg = Release|Any CPU
		{A6297E39-1355-4092-991F-C34F69F078CB}.Release|x64.Build.0 = Release|Any CPU
		{A6297E39-1355-4092-991F-C34F69F078CB}.Release|x86.ActiveCfg = Release|Any CPU
		{A6297E39-1355-4092-991F-C34F69F078CB}.Release|x86.Build.0 = Release|Any CPU
		{FB9F6A34-ED3E-4911-83CF-DB895D45B121}.Debug|Any CPU.ActiveCfg = Debug|Any CPU
		{FB9F6A34-ED3E-4911-83CF-DB895D45B121}.Debug|Any CPU.Build.0 = Debug|Any CPU
		{FB9F6A34-ED3E-4911-83CF-DB895D45B121}.Debug|x64.ActiveCfg = Debug|Any CPU
		{FB9F6A34-ED3E-4911-83CF-DB895D45B121}.Debug|x64.Build.0 = Debug|Any CPU
		{FB9F6A34-ED3E-4911-83CF-DB895D45B121}.Debug|x86.ActiveCfg = Debug|Any CPU
		{FB9F6A34-ED3E-4911-83CF-DB895D45B121}.Debug|x86.Build.0 = Debug|Any CPU
		{FB9F6A34-ED3E-4911-83CF-DB895D45B121}.Release|Any CPU.ActiveCfg = Release|Any CPU
		{FB9F6A34-ED3E-4911-83CF-DB895D45B121}.Release|Any CPU.Build.0 = Release|Any CPU
		{FB9F6A34-ED3E-4911-83CF-DB895D45B121}.Release|x64.ActiveCfg = Release|Any CPU
		{FB9F6A34-ED3E-4911-83CF-DB895D45B121}.Release|x64.Build.0 = Release|Any CPU
		{FB9F6A34-ED3E-4911-83CF-DB895D45B121}.Release|x86.ActiveCfg = Release|Any CPU
		{FB9F6A34-ED3E-4911-83CF-DB895D45B121}.Release|x86.Build.0 = Release|Any CPU
		{0912C35B-121D-4BE6-981D-2BBF60CE0C3D}.Debug|Any CPU.ActiveCfg = Debug|Any CPU
		{0912C35B-121D-4BE6-981D-2BBF60CE0C3D}.Debug|Any CPU.Build.0 = Debug|Any CPU
		{0912C35B-121D-4BE6-981D-2BBF60CE0C3D}.Debug|x64.ActiveCfg = Debug|Any CPU
		{0912C35B-121D-4BE6-981D-2BBF60CE0C3D}.Debug|x64.Build.0 = Debug|Any CPU
		{0912C35B-121D-4BE6-981D-2BBF60CE0C3D}.Debug|x86.ActiveCfg = Debug|Any CPU
		{0912C35B-121D-4BE6-981D-2BBF60CE0C3D}.Debug|x86.Build.0 = Debug|Any CPU
		{0912C35B-121D-4BE6-981D-2BBF60CE0C3D}.Release|Any CPU.ActiveCfg = Release|Any CPU
		{0912C35B-121D-4BE6-981D-2BBF60CE0C3D}.Release|Any CPU.Build.0 = Release|Any CPU
		{0912C35B-121D-4BE6-981D-2BBF60CE0C3D}.Release|x64.ActiveCfg = Release|Any CPU
		{0912C35B-121D-4BE6-981D-2BBF60CE0C3D}.Release|x64.Build.0 = Release|Any CPU
		{0912C35B-121D-4BE6-981D-2BBF60CE0C3D}.Release|x86.ActiveCfg = Release|Any CPU
		{0912C35B-121D-4BE6-981D-2BBF60CE0C3D}.Release|x86.Build.0 = Release|Any CPU
		{CAB7BC98-9150-465B-8237-5EA672F0C4D9}.Debug|Any CPU.ActiveCfg = Debug|Any CPU
		{CAB7BC98-9150-465B-8237-5EA672F0C4D9}.Debug|Any CPU.Build.0 = Debug|Any CPU
		{CAB7BC98-9150-465B-8237-5EA672F0C4D9}.Debug|x64.ActiveCfg = Debug|Any CPU
		{CAB7BC98-9150-465B-8237-5EA672F0C4D9}.Debug|x64.Build.0 = Debug|Any CPU
		{CAB7BC98-9150-465B-8237-5EA672F0C4D9}.Debug|x86.ActiveCfg = Debug|Any CPU
		{CAB7BC98-9150-465B-8237-5EA672F0C4D9}.Debug|x86.Build.0 = Debug|Any CPU
		{CAB7BC98-9150-465B-8237-5EA672F0C4D9}.Release|Any CPU.ActiveCfg = Release|Any CPU
		{CAB7BC98-9150-465B-8237-5EA672F0C4D9}.Release|Any CPU.Build.0 = Release|Any CPU
		{CAB7BC98-9150-465B-8237-5EA672F0C4D9}.Release|x64.ActiveCfg = Release|Any CPU
		{CAB7BC98-9150-465B-8237-5EA672F0C4D9}.Release|x64.Build.0 = Release|Any CPU
		{CAB7BC98-9150-465B-8237-5EA672F0C4D9}.Release|x86.ActiveCfg = Release|Any CPU
		{CAB7BC98-9150-465B-8237-5EA672F0C4D9}.Release|x86.Build.0 = Release|Any CPU
		{4793076C-C174-4402-98AC-AD196A0B29D5}.Debug|Any CPU.ActiveCfg = Debug|Any CPU
		{4793076C-C174-4402-98AC-AD196A0B29D5}.Debug|Any CPU.Build.0 = Debug|Any CPU
		{4793076C-C174-4402-98AC-AD196A0B29D5}.Debug|x64.ActiveCfg = Debug|Any CPU
		{4793076C-C174-4402-98AC-AD196A0B29D5}.Debug|x64.Build.0 = Debug|Any CPU
		{4793076C-C174-4402-98AC-AD196A0B29D5}.Debug|x86.ActiveCfg = Debug|Any CPU
		{4793076C-C174-4402-98AC-AD196A0B29D5}.Debug|x86.Build.0 = Debug|Any CPU
		{4793076C-C174-4402-98AC-AD196A0B29D5}.Release|Any CPU.ActiveCfg = Release|Any CPU
		{4793076C-C174-4402-98AC-AD196A0B29D5}.Release|Any CPU.Build.0 = Release|Any CPU
		{4793076C-C174-4402-98AC-AD196A0B29D5}.Release|x64.ActiveCfg = Release|Any CPU
		{4793076C-C174-4402-98AC-AD196A0B29D5}.Release|x64.Build.0 = Release|Any CPU
		{4793076C-C174-4402-98AC-AD196A0B29D5}.Release|x86.ActiveCfg = Release|Any CPU
		{4793076C-C174-4402-98AC-AD196A0B29D5}.Release|x86.Build.0 = Release|Any CPU
		{3CC5D8C0-BC1C-4556-9E4E-D23B2B86AD66}.Debug|Any CPU.ActiveCfg = Debug|Any CPU
		{3CC5D8C0-BC1C-4556-9E4E-D23B2B86AD66}.Debug|Any CPU.Build.0 = Debug|Any CPU
		{3CC5D8C0-BC1C-4556-9E4E-D23B2B86AD66}.Debug|x64.ActiveCfg = Debug|Any CPU
		{3CC5D8C0-BC1C-4556-9E4E-D23B2B86AD66}.Debug|x64.Build.0 = Debug|Any CPU
		{3CC5D8C0-BC1C-4556-9E4E-D23B2B86AD66}.Debug|x86.ActiveCfg = Debug|Any CPU
		{3CC5D8C0-BC1C-4556-9E4E-D23B2B86AD66}.Debug|x86.Build.0 = Debug|Any CPU
		{3CC5D8C0-BC1C-4556-9E4E-D23B2B86AD66}.Release|Any CPU.ActiveCfg = Release|Any CPU
		{3CC5D8C0-BC1C-4556-9E4E-D23B2B86AD66}.Release|Any CPU.Build.0 = Release|Any CPU
		{3CC5D8C0-BC1C-4556-9E4E-D23B2B86AD66}.Release|x64.ActiveCfg = Release|Any CPU
		{3CC5D8C0-BC1C-4556-9E4E-D23B2B86AD66}.Release|x64.Build.0 = Release|Any CPU
		{3CC5D8C0-BC1C-4556-9E4E-D23B2B86AD66}.Release|x86.ActiveCfg = Release|Any CPU
		{3CC5D8C0-BC1C-4556-9E4E-D23B2B86AD66}.Release|x86.Build.0 = Release|Any CPU
		{CB7EE9D5-5A09-48E9-B1C6-BC94D95BE1BF}.Debug|Any CPU.ActiveCfg = Debug|Any CPU
		{CB7EE9D5-5A09-48E9-B1C6-BC94D95BE1BF}.Debug|Any CPU.Build.0 = Debug|Any CPU
		{CB7EE9D5-5A09-48E9-B1C6-BC94D95BE1BF}.Debug|x64.ActiveCfg = Debug|Any CPU
		{CB7EE9D5-5A09-48E9-B1C6-BC94D95BE1BF}.Debug|x64.Build.0 = Debug|Any CPU
		{CB7EE9D5-5A09-48E9-B1C6-BC94D95BE1BF}.Debug|x86.ActiveCfg = Debug|Any CPU
		{CB7EE9D5-5A09-48E9-B1C6-BC94D95BE1BF}.Debug|x86.Build.0 = Debug|Any CPU
		{CB7EE9D5-5A09-48E9-B1C6-BC94D95BE1BF}.Release|Any CPU.ActiveCfg = Release|Any CPU
		{CB7EE9D5-5A09-48E9-B1C6-BC94D95BE1BF}.Release|Any CPU.Build.0 = Release|Any CPU
		{CB7EE9D5-5A09-48E9-B1C6-BC94D95BE1BF}.Release|x64.ActiveCfg = Release|Any CPU
		{CB7EE9D5-5A09-48E9-B1C6-BC94D95BE1BF}.Release|x64.Build.0 = Release|Any CPU
		{CB7EE9D5-5A09-48E9-B1C6-BC94D95BE1BF}.Release|x86.ActiveCfg = Release|Any CPU
		{CB7EE9D5-5A09-48E9-B1C6-BC94D95BE1BF}.Release|x86.Build.0 = Release|Any CPU
	EndGlobalSection
	GlobalSection(SolutionProperties) = preSolution
		HideSolutionNode = FALSE
	EndGlobalSection
	GlobalSection(NestedProjects) = preSolution
		{EA7FD39C-2F50-4EA2-B3C0-71E533FAF6CB} = {827E0CD3-B72D-47B6-A68D-7590B98EB39B}
		{71A7C023-A015-49DE-9E19-5E573CED8F2F} = {827E0CD3-B72D-47B6-A68D-7590B98EB39B}
		{2B2BEF0C-467B-4E3E-8F63-1C1C776E658A} = {827E0CD3-B72D-47B6-A68D-7590B98EB39B}
		{4F0F02BD-FF60-424C-8F73-0A6DA0FC1290} = {827E0CD3-B72D-47B6-A68D-7590B98EB39B}
		{D6DBC9FE-70AD-41B0-A14B-065B1E8A1628} = {827E0CD3-B72D-47B6-A68D-7590B98EB39B}
		{E04DED14-8350-4DB9-B22B-41B5DAC5ED20} = {99E7ACF5-56DB-D347-D2E6-0B9F0EC89365}
		{D4E4E43B-3B0D-45EE-989C-BF323D2D7EE7} = {0AB3BF05-4346-4AA6-1389-037BE0695223}
		{A6297E39-1355-4092-991F-C34F69F078CB} = {0AB3BF05-4346-4AA6-1389-037BE0695223}
		{FB9F6A34-ED3E-4911-83CF-DB895D45B121} = {827E0CD3-B72D-47B6-A68D-7590B98EB39B}
		{0912C35B-121D-4BE6-981D-2BBF60CE0C3D} = {827E0CD3-B72D-47B6-A68D-7590B98EB39B}
		{CAB7BC98-9150-465B-8237-5EA672F0C4D9} = {827E0CD3-B72D-47B6-A68D-7590B98EB39B}
		{4793076C-C174-4402-98AC-AD196A0B29D5} = {827E0CD3-B72D-47B6-A68D-7590B98EB39B}
		{3CC5D8C0-BC1C-4556-9E4E-D23B2B86AD66} = {827E0CD3-B72D-47B6-A68D-7590B98EB39B}
		{CB7EE9D5-5A09-48E9-B1C6-BC94D95BE1BF} = {827E0CD3-B72D-47B6-A68D-7590B98EB39B}
	EndGlobalSection
EndGlobal
